<Solution>
  <Folder Name="/Solution files/">
    <File Path=".config/dotnet-tools.json" />
    <File Path="global.json" />
    <File Path="paket.dependencies" />
    <File Path="paket.lock" />
    <File Path="README.md" />
  </Folder>
  <Folder Name="/src/">
    <Project Path="src/Fansi/Fansi.fsproj" />
  </Folder>
  <Folder Name="/samples/">
    <Project Path="samples/Interactive/Interactive.fsproj" />
    <Project Path="samples/Components/Components.fsproj" />
    <Project Path="samples/Layout/Layout.fsproj" />
    <Project Path="samples/Dashboard/Dashboard.fsproj" />
    <Project Path="samples/Table/Table.fsproj" />
  </Folder>
  <Folder Name="/tests/">
    <Project Path="tests/Fansi.Tests/Fansi.Tests.fsproj" />
  </Folder>
</Solution>
