<Solution>
  <Folder Name="/Build/">
    <File Path="paket.dependencies" />
    <File Path="paket.lock" />
    <File Path=".config/dotnet-tools.json" />
    <File Path="global.json" />
  </Folder>
  <Folder Name="/src/">
    <Project Path="src/Fansi/Fansi.fsproj" />
  </Folder>
  <Folder Name="/samples/">
    <Project Path="samples/Static/Static.fsproj" />
    <Project Path="samples/Interactive/Interactive.fsproj" />
  </Folder>
  <Folder Name="/tests/">
    <Project Path="tests/Fansi.Tests/Fansi.Tests.fsproj" />
  </Folder>
</Solution>
